
Microsoft Visual Studio Solution File, Format Version 12.00
# Visual Studio 14
VisualStudioVersion = 14.0.23107.0
MinimumVisualStudioVersion = 10.0.40219.1
Project("{FAE04EC0-301F-11D3-BF4B-00C04F79EFBC}") = "WebApiClientGen", "WebApiClientGen\WebApiClientGen.csproj", "{1673D7D1-16BE-48A0-901A-9706087293D4}"
EndProject
Project("{FAE04EC0-301F-11D3-BF4B-00C04F79EFBC}") = "DemoWebApi", "DemoWebApi\DemoWebApi.csproj", "{9B025DC4-DB6F-4263-8FF6-18CECEB6B959}"
EndProject
Project("{FAE04EC0-301F-11D3-BF4B-00C04F79EFBC}") = "DemoWebApi.DemoData", "DemoWebApi.DemoData\DemoWebApi.DemoData.csproj", "{389E24F3-74EE-46F0-8BBB-CC91C006004C}"
EndProject
Project("{FAE04EC0-301F-11D3-BF4B-00C04F79EFBC}") = "DemoWebApi.ClientApi", "DemoWebApi.ClientApi\DemoWebApi.ClientApi.csproj", "{31E10725-9320-49D6-9AD6-51300C5EB634}"
EndProject
Project("{FAE04EC0-301F-11D3-BF4B-00C04F79EFBC}") = "IntegrationTests", "Tests\IntegrationTests\IntegrationTests.csproj", "{BC9CE351-C442-44BA-B7A1-438C22C150CA}"
EndProject
Project("{2150E333-8FDC-42A3-9474-1A3956D46DE8}") = "Tests", "Tests", "{DBC9CAF6-2B63-417C-90E8-A2E7A468697C}"
EndProject
Project("{FAE04EC0-301F-11D3-BF4B-00C04F79EFBC}") = "Fonlow.Poco2Ts", "Fonlow.Poco2Ts\Fonlow.Poco2Ts.csproj", "{70CAA10C-642A-454B-9DEC-9AB391EB9C99}"
EndProject
Project("{FAE04EC0-301F-11D3-BF4B-00C04F79EFBC}") = "Fonlow.TypeScriptCodeDom", "Fonlow.TypeScriptCodeDom\Fonlow.TypeScriptCodeDom.csproj", "{0DC57B30-7487-455C-8C75-1B814686049C}"
EndProject
Project("{FAE04EC0-301F-11D3-BF4B-00C04F79EFBC}") = "TypeScriptCodeDomTests", "Tests\TypeScriptCodeDomTests\TypeScriptCodeDomTests.csproj", "{CE5522A1-10AB-4941-BD74-2FCF5AC7823F}"
EndProject
Project("{FAE04EC0-301F-11D3-BF4B-00C04F79EFBC}") = "Poco2TsTests", "Tests\Poco2TsTests\Poco2TsTests.csproj", "{F347E898-0979-40B9-9CB2-676F81903CAF}"
EndProject
Global
	GlobalSection(SolutionConfigurationPlatforms) = preSolution
		Debug|Any CPU = Debug|Any CPU
		Release|Any CPU = Release|Any CPU
	EndGlobalSection
	GlobalSection(ProjectConfigurationPlatforms) = postSolution
		{1673D7D1-16BE-48A0-901A-9706087293D4}.Debug|Any CPU.ActiveCfg = Debug|Any CPU
		{1673D7D1-16BE-48A0-901A-9706087293D4}.Debug|Any CPU.Build.0 = Debug|Any CPU
		{1673D7D1-16BE-48A0-901A-9706087293D4}.Release|Any CPU.ActiveCfg = Release|Any CPU
		{1673D7D1-16BE-48A0-901A-9706087293D4}.Release|Any CPU.Build.0 = Release|Any CPU
		{9B025DC4-DB6F-4263-8FF6-18CECEB6B959}.Debug|Any CPU.ActiveCfg = Debug|Any CPU
		{9B025DC4-DB6F-4263-8FF6-18CECEB6B959}.Debug|Any CPU.Build.0 = Debug|Any CPU
		{9B025DC4-DB6F-4263-8FF6-18CECEB6B959}.Release|Any CPU.ActiveCfg = Release|Any CPU
		{9B025DC4-DB6F-4263-8FF6-18CECEB6B959}.Release|Any CPU.Build.0 = Release|Any CPU
		{389E24F3-74EE-46F0-8BBB-CC91C006004C}.Debug|Any CPU.ActiveCfg = Debug|Any CPU
		{389E24F3-74EE-46F0-8BBB-CC91C006004C}.Debug|Any CPU.Build.0 = Debug|Any CPU
		{389E24F3-74EE-46F0-8BBB-CC91C006004C}.Release|Any CPU.ActiveCfg = Release|Any CPU
		{389E24F3-74EE-46F0-8BBB-CC91C006004C}.Release|Any CPU.Build.0 = Release|Any CPU
		{31E10725-9320-49D6-9AD6-51300C5EB634}.Debug|Any CPU.ActiveCfg = Debug|Any CPU
		{31E10725-9320-49D6-9AD6-51300C5EB634}.Debug|Any CPU.Build.0 = Debug|Any CPU
		{31E10725-9320-49D6-9AD6-51300C5EB634}.Release|Any CPU.ActiveCfg = Release|Any CPU
		{31E10725-9320-49D6-9AD6-51300C5EB634}.Release|Any CPU.Build.0 = Release|Any CPU
		{BC9CE351-C442-44BA-B7A1-438C22C150CA}.Debug|Any CPU.ActiveCfg = Debug|Any CPU
		{BC9CE351-C442-44BA-B7A1-438C22C150CA}.Debug|Any CPU.Build.0 = Debug|Any CPU
		{BC9CE351-C442-44BA-B7A1-438C22C150CA}.Release|Any CPU.ActiveCfg = Release|Any CPU
		{BC9CE351-C442-44BA-B7A1-438C22C150CA}.Release|Any CPU.Build.0 = Release|Any CPU
		{70CAA10C-642A-454B-9DEC-9AB391EB9C99}.Debug|Any CPU.ActiveCfg = Debug|Any CPU
		{70CAA10C-642A-454B-9DEC-9AB391EB9C99}.Debug|Any CPU.Build.0 = Debug|Any CPU
		{70CAA10C-642A-454B-9DEC-9AB391EB9C99}.Release|Any CPU.ActiveCfg = Release|Any CPU
		{70CAA10C-642A-454B-9DEC-9AB391EB9C99}.Release|Any CPU.Build.0 = Release|Any CPU
		{0DC57B30-7487-455C-8C75-1B814686049C}.Debug|Any CPU.ActiveCfg = Debug|Any CPU
		{0DC57B30-7487-455C-8C75-1B814686049C}.Debug|Any CPU.Build.0 = Debug|Any CPU
		{0DC57B30-7487-455C-8C75-1B814686049C}.Release|Any CPU.ActiveCfg = Release|Any CPU
		{0DC57B30-7487-455C-8C75-1B814686049C}.Release|Any CPU.Build.0 = Release|Any CPU
		{CE5522A1-10AB-4941-BD74-2FCF5AC7823F}.Debug|Any CPU.ActiveCfg = Debug|Any CPU
		{CE5522A1-10AB-4941-BD74-2FCF5AC7823F}.Debug|Any CPU.Build.0 = Debug|Any CPU
		{CE5522A1-10AB-4941-BD74-2FCF5AC7823F}.Release|Any CPU.ActiveCfg = Release|Any CPU
		{CE5522A1-10AB-4941-BD74-2FCF5AC7823F}.Release|Any CPU.Build.0 = Release|Any CPU
		{F347E898-0979-40B9-9CB2-676F81903CAF}.Debug|Any CPU.ActiveCfg = Debug|Any CPU
		{F347E898-0979-40B9-9CB2-676F81903CAF}.Debug|Any CPU.Build.0 = Debug|Any CPU
		{F347E898-0979-40B9-9CB2-676F81903CAF}.Release|Any CPU.ActiveCfg = Release|Any CPU
		{F347E898-0979-40B9-9CB2-676F81903CAF}.Release|Any CPU.Build.0 = Release|Any CPU
	EndGlobalSection
	GlobalSection(SolutionProperties) = preSolution
		HideSolutionNode = FALSE
	EndGlobalSection
	GlobalSection(NestedProjects) = preSolution
		{BC9CE351-C442-44BA-B7A1-438C22C150CA} = {DBC9CAF6-2B63-417C-90E8-A2E7A468697C}
		{CE5522A1-10AB-4941-BD74-2FCF5AC7823F} = {DBC9CAF6-2B63-417C-90E8-A2E7A468697C}
		{F347E898-0979-40B9-9CB2-676F81903CAF} = {DBC9CAF6-2B63-417C-90E8-A2E7A468697C}
	EndGlobalSection
EndGlobal
